// !$*UTF8*$!
{
	archiveVersion = 1;
	classes = {
	};
	objectVersion = 77;
	objects = {

/* Begin PBXBuildFile section */
		0147D3428744F59D6F5962B0 /* ScanView.swift in Sources */ = {isa = PBXBuildFile; fileRef = 50A317751F93ACF9C3B55009 /* ScanView.swift */; };
		1AA96DFC9DD46422FD277143 /* Assets.xcassets in Resources */ = {isa = PBXBuildFile; fileRef = 654DFCBAFAA2F6E6F2001A88 /* Assets.xcassets */; };
		34FE9573A92946C283108B55 /* ContentView.swift in Sources */ = {isa = PBXBuildFile; fileRef = A5CE99DB91A162362C1BEF18 /* ContentView.swift */; };
		90D4315656DB3EBE6BCD6B4A /* BackendClient.swift in Sources */ = {isa = PBXBuildFile; fileRef = 4CAE348F4290BA8962E5353C /* BackendClient.swift */; };
		920F81D7385CA1D5B7530815 /* SmartGlassApp.swift in Sources */ = {isa = PBXBuildFile; fileRef = C853BF20DAD77830C36F37EF /* SmartGlassApp.swift */; };
		A75280A01B62D21C6B27A845 /* OCR.swift in Sources */ = {isa = PBXBuildFile; fileRef = 0FC2F80B3E08EF2C16F26041 /* OCR.swift */; };
		B0C32CE8CD3CBDD9740E87FA /* CoachView.swift in Sources */ = {isa = PBXBuildFile; fileRef = 26B9466A9F994C7B16C91788 /* CoachView.swift */; };
		B549A182B426F1C7F73ECD0C /* Camera.swift in Sources */ = {isa = PBXBuildFile; fileRef = 877703D43AA41DD47F31AAE3 /* Camera.swift */; };
		E37D2C364628AD3833119DFE /* Preview Assets.xcassets in Resources */ = {isa = PBXBuildFile; fileRef = 3126AD6D1D4B0B21A1C884A9 /* Preview Assets.xcassets */; };
/* End PBXBuildFile section */

/* Begin PBXFileReference section */
		0FC2F80B3E08EF2C16F26041 /* OCR.swift */ = {isa = PBXFileReference; lastKnownFileType = sourcecode.swift; path = OCR.swift; sourceTree = "<group>"; };
		12F1139E6A1845DDE51F784C /* SmartGlass.app */ = {isa = PBXFileReference; includeInIndex = 0; lastKnownFileType = wrapper.application; path = SmartGlass.app; sourceTree = BUILT_PRODUCTS_DIR; };
		26B9466A9F994C7B16C91788 /* CoachView.swift */ = {isa = PBXFileReference; lastKnownFileType = sourcecode.swift; path = CoachView.swift; sourceTree = "<group>"; };
		3126AD6D1D4B0B21A1C884A9 /* Preview Assets.xcassets */ = {isa = PBXFileReference; lastKnownFileType = folder.assetcatalog; path = "Preview Assets.xcassets"; sourceTree = "<group>"; };
		4CAE348F4290BA8962E5353C /* BackendClient.swift */ = {isa = PBXFileReference; lastKnownFileType = sourcecode.swift; path = BackendClient.swift; sourceTree = "<group>"; };
		50A317751F93ACF9C3B55009 /* ScanView.swift */ = {isa = PBXFileReference; lastKnownFileType = sourcecode.swift; path = ScanView.swift; sourceTree = "<group>"; };
		654DFCBAFAA2F6E6F2001A88 /* Assets.xcassets */ = {isa = PBXFileReference; lastKnownFileType = folder.assetcatalog; path = Assets.xcassets; sourceTree = "<group>"; };
		877703D43AA41DD47F31AAE3 /* Camera.swift */ = {isa = PBXFileReference; lastKnownFileType = sourcecode.swift; path = Camera.swift; sourceTree = "<group>"; };
		8D3068A83D32D095E550B32E /* Info.plist */ = {isa = PBXFileReference; lastKnownFileType = text.plist; path = Info.plist; sourceTree = "<group>"; };
		A5CE99DB91A162362C1BEF18 /* ContentView.swift */ = {isa = PBXFileReference; lastKnownFileType = sourcecode.swift; path = ContentView.swift; sourceTree = "<group>"; };
		C853BF20DAD77830C36F37EF /* SmartGlassApp.swift */ = {isa = PBXFileReference; lastKnownFileType = sourcecode.swift; path = SmartGlassApp.swift; sourceTree = "<group>"; };
/* End PBXFileReference section */

/* Begin PBXGroup section */
		21837A6003C2EB945A0F2FF9 = {
			isa = PBXGroup;
			children = (
				9F896EC85DA922E2BC3C66E8 /* SmartGlass */,
				98EEC53EB1789FA086B28DD6 /* Products */,
			);
			sourceTree = "<group>";
		};
		520E437AC4118FCDB359D134 /* Preview Content */ = {
			isa = PBXGroup;
			children = (
				3126AD6D1D4B0B21A1C884A9 /* Preview Assets.xcassets */,
			);
			path = "Preview Content";
			sourceTree = "<group>";
		};
		98EEC53EB1789FA086B28DD6 /* Products */ = {
			isa = PBXGroup;
			children = (
				12F1139E6A1845DDE51F784C /* SmartGlass.app */,
			);
			name = Products;
			sourceTree = "<group>";
		};
		9F896EC85DA922E2BC3C66E8 /* SmartGlass */ = {
			isa = PBXGroup;
			children = (
				654DFCBAFAA2F6E6F2001A88 /* Assets.xcassets */,
				4CAE348F4290BA8962E5353C /* BackendClient.swift */,
				877703D43AA41DD47F31AAE3 /* Camera.swift */,
				26B9466A9F994C7B16C91788 /* CoachView.swift */,
				A5CE99DB91A162362C1BEF18 /* ContentView.swift */,
				8D3068A83D32D095E550B32E /* Info.plist */,
				0FC2F80B3E08EF2C16F26041 /* OCR.swift */,
				50A317751F93ACF9C3B55009 /* ScanView.swift */,
				C853BF20DAD77830C36F37EF /* SmartGlassApp.swift */,
				520E437AC4118FCDB359D134 /* Preview Content */,
			);
			path = SmartGlass;
			sourceTree = "<group>";
		};
/* End PBXGroup section */

/* Begin PBXNativeTarget section */
		44D89E387D479B09C8A81A23 /* SmartGlass */ = {
			isa = PBXNativeTarget;
			buildConfigurationList = B9097A782AD94ED97C33D930 /* Build configuration list for PBXNativeTarget "SmartGlass" */;
			buildPhases = (
				4356FCB67330DB1B2F6762E4 /* Sources */,
				5F44E70EC53F0F033DA6DB5B /* Resources */,
			);
			buildRules = (
			);
			dependencies = (
			);
			name = SmartGlass;
			packageProductDependencies = (
			);
			productName = SmartGlass;
			productReference = 12F1139E6A1845DDE51F784C /* SmartGlass.app */;
			productType = "com.apple.product-type.application";
		};
/* End PBXNativeTarget section */

/* Begin PBXProject section */
		5C4A803AC39E61EF7C68BC0D /* Project object */ = {
			isa = PBXProject;
			attributes = {
				BuildIndependentTargetsInParallel = YES;
				LastUpgradeCheck = 1430;
				TargetAttributes = {
				};
			};
			buildConfigurationList = 06FCBAE77221A0BFC726D754 /* Build configuration list for PBXProject "SmartGlass" */;
			developmentRegion = en;
			hasScannedForEncodings = 0;
			knownRegions = (
				Base,
				en,
			);
			mainGroup = 21837A6003C2EB945A0F2FF9;
			minimizedProjectReferenceProxies = 1;
			preferredProjectObjectVersion = 77;
			productRefGroup = 98EEC53EB1789FA086B28DD6 /* Products */;
			projectDirPath = "";
			projectRoot = "";
			targets = (
				44D89E387D479B09C8A81A23 /* SmartGlass */,
			);
		};
/* End PBXProject section */

/* Begin PBXResourcesBuildPhase section */
		5F44E70EC53F0F033DA6DB5B /* Resources */ = {
			isa = PBXResourcesBuildPhase;
			buildActionMask = 2147483647;
			files = (
				1AA96DFC9DD46422FD277143 /* Assets.xcassets in Resources */,
				E37D2C364628AD3833119DFE /* Preview Assets.xcassets in Resources */,
			);
			runOnlyForDeploymentPostprocessing = 0;
		};
/* End PBXResourcesBuildPhase section */

/* Begin PBXSourcesBuildPhase section */
		4356FCB67330DB1B2F6762E4 /* Sources */ = {
			isa = PBXSourcesBuildPhase;
			buildActionMask = 2147483647;
			files = (
				90D4315656DB3EBE6BCD6B4A /* BackendClient.swift in Sources */,
				B549A182B426F1C7F73ECD0C /* Camera.swift in Sources */,
				B0C32CE8CD3CBDD9740E87FA /* CoachView.swift in Sources */,
				34FE9573A92946C283108B55 /* ContentView.swift in Sources */,
				A75280A01B62D21C6B27A845 /* OCR.swift in Sources */,
				0147D3428744F59D6F5962B0 /* ScanView.swift in Sources */,
				920F81D7385CA1D5B7530815 /* SmartGlassApp.swift in Sources */,
			);
			runOnlyForDeploymentPostprocessing = 0;
		};
/* End PBXSourcesBuildPhase section */

/* Begin XCBuildConfiguration section */
		171060AF5021642E149378A2 /* Release */ = {
			isa = XCBuildConfiguration;
			buildSettings = {
				ASSETCATALOG_COMPILER_APPICON_NAME = AppIcon;
				CODE_SIGN_IDENTITY = "iPhone Developer";
				DEVELOPMENT_ASSET_PATHS = "\"SmartGlass/Preview Content\"";
				INFOPLIST_FILE = SmartGlass/Info.plist;
				LD_RUNPATH_SEARCH_PATHS = (
					"$(inherited)",
					"@executable_path/Frameworks",
				);
				PRODUCT_BUNDLE_IDENTIFIER = com.smartglass.app;
				SDKROOT = iphoneos;
				SWIFT_STRICT_CONCURRENCY = complete;
				SWIFT_VERSION = 6.0;
				TARGETED_DEVICE_FAMILY = "1,2";
			};
			name = Release;
		};
		18C3471C3FB5F3E72FB2CACA /* Debug */ = {
			isa = XCBuildConfiguration;
			buildSettings = {
				ASSETCATALOG_COMPILER_APPICON_NAME = AppIcon;
				CODE_SIGN_IDENTITY = "iPhone Developer";
				DEVELOPMENT_ASSET_PATHS = "\"SmartGlass/Preview Content\"";
				INFOPLIST_FILE = SmartGlass/Info.plist;
				LD_RUNPATH_SEARCH_PATHS = (
					"$(inherited)",
					"@executable_path/Frameworks",
				);
				PRODUCT_BUNDLE_IDENTIFIER = com.smartglass.app;
				SDKROOT = iphoneos;
				SWIFT_STRICT_CONCURRENCY = complete;
				SWIFT_VERSION = 6.0;
				TARGETED_DEVICE_FAMILY = "1,2";
			};
			name = Debug;
		};
		982034C83F83E3FD3E683C3D /* Debug */ = {
			isa = XCBuildConfiguration;
			buildSettings = {
				ALWAYS_SEARCH_USER_PATHS = NO;
				CLANG_ANALYZER_NONNULL = YES;
				CLANG_ANALYZER_NUMBER_OBJECT_CONVERSION = YES_AGGRESSIVE;
				CLANG_CXX_LANGUAGE_STANDARD = "gnu++14";
				CLANG_CXX_LIBRARY = "libc++";
				CLANG_ENABLE_MODULES = YES;
				CLANG_ENABLE_OBJC_ARC = YES;
				CLANG_ENABLE_OBJC_WEAK = YES;
				CLANG_WARN_BLOCK_CAPTURE_AUTORELEASING = YES;
				CLANG_WARN_BOOL_CONVERSION = YES;
				CLANG_WARN_COMMA = YES;
				CLANG_WARN_CONSTANT_CONVERSION = YES;
				CLANG_WARN_DEPRECATED_OBJC_IMPLEMENTATIONS = YES;
				CLANG_WARN_DIRECT_OBJC_ISA_USAGE = YES_ERROR;
				CLANG_WARN_DOCUMENTATION_COMMENTS = YES;
				CLANG_WARN_EMPTY_BODY = YES;
				CLANG_WARN_ENUM_CONVERSION = YES;
				CLANG_WARN_INFINITE_RECURSION = YES;
				CLANG_WARN_INT_CONVERSION = YES;
				CLANG_WARN_NON_LITERAL_NULL_CONVERSION = YES;
				CLANG_WARN_OBJC_IMPLICIT_RETAIN_SELF = YES;
				CLANG_WARN_OBJC_LITERAL_CONVERSION = YES;
				CLANG_WARN_OBJC_ROOT_CLASS = YES_ERROR;
				CLANG_WARN_QUOTED_INCLUDE_IN_FRAMEWORK_HEADER = YES;
				CLANG_WARN_RANGE_LOOP_ANALYSIS = YES;
				CLANG_WARN_STRICT_PROTOTYPES = YES;
				CLANG_WARN_SUSPICIOUS_MOVE = YES;
				CLANG_WARN_UNGUARDED_AVAILABILITY = YES_AGGRESSIVE;
				CLANG_WARN_UNREACHABLE_CODE = YES;
				CLANG_WARN__DUPLICATE_METHOD_MATCH = YES;
				COPY_PHASE_STRIP = NO;
				DEBUG_INFORMATION_FORMAT = dwarf;
				ENABLE_STRICT_OBJC_MSGSEND = YES;
				ENABLE_TESTABILITY = YES;
				GCC_C_LANGUAGE_STANDARD = gnu11;
				GCC_DYNAMIC_NO_PIC = NO;
				GCC_NO_COMMON_BLOCKS = YES;
				GCC_OPTIMIZATION_LEVEL = 0;
				GCC_PREPROCESSOR_DEFINITIONS = (
					"$(inherited)",
					"DEBUG=1",
				);
				GCC_WARN_64_TO_32_BIT_CONVERSION = YES;
				GCC_WARN_ABOUT_RETURN_TYPE = YES_ERROR;
				GCC_WARN_UNDECLARED_SELECTOR = YES;
				GCC_WARN_UNINITIALIZED_AUTOS = YES_AGGRESSIVE;
				GCC_WARN_UNUSED_FUNCTION = YES;
				GCC_WARN_UNUSED_VARIABLE = YES;
				IPHONEOS_DEPLOYMENT_TARGET = 17.0;
				MTL_ENABLE_DEBUG_INFO = INCLUDE_SOURCE;
				MTL_FAST_MATH = YES;
				ONLY_ACTIVE_ARCH = YES;
				PRODUCT_NAME = "$(TARGET_NAME)";
				SDKROOT = iphoneos;
				SWIFT_ACTIVE_COMPILATION_CONDITIONS = DEBUG;
				SWIFT_OPTIMIZATION_LEVEL = "-Onone";
				SWIFT_VERSION = 5.0;
			};
			name = Debug;
		};
		DEA4449A7C53FF24FD6A2DC9 /* Release */ = {
			isa = XCBuildConfiguration;
			buildSettings = {
				ALWAYS_SEARCH_USER_PATHS = NO;
				CLANG_ANALYZER_NONNULL = YES;
				CLANG_ANALYZER_NUMBER_OBJECT_CONVERSION = YES_AGGRESSIVE;
				CLANG_CXX_LANGUAGE_STANDARD = "gnu++14";
				CLANG_CXX_LIBRARY = "libc++";
				CLANG_ENABLE_MODULES = YES;
				CLANG_ENABLE_OBJC_ARC = YES;
				CLANG_ENABLE_OBJC_WEAK = YES;
				CLANG_WARN_BLOCK_CAPTURE_AUTORELEASING = YES;
				CLANG_WARN_BOOL_CONVERSION = YES;
				CLANG_WARN_COMMA = YES;
				CLANG_WARN_CONSTANT_CONVERSION = YES;
				CLANG_WARN_DEPRECATED_OBJC_IMPLEMENTATIONS = YES;
				CLANG_WARN_DIRECT_OBJC_ISA_USAGE = YES_ERROR;
				CLANG_WARN_DOCUMENTATION_COMMENTS = YES;
				CLANG_WARN_EMPTY_BODY = YES;
				CLANG_WARN_ENUM_CONVERSION = YES;
				CLANG_WARN_INFINITE_RECURSION = YES;
				CLANG_WARN_INT_CONVERSION = YES;
				CLANG_WARN_NON_LITERAL_NULL_CONVERSION = YES;
				CLANG_WARN_OBJC_IMPLICIT_RETAIN_SELF = YES;
				CLANG_WARN_OBJC_LITERAL_CONVERSION = YES;
				CLANG_WARN_OBJC_ROOT_CLASS = YES_ERROR;
				CLANG_WARN_QUOTED_INCLUDE_IN_FRAMEWORK_HEADER = YES;
				CLANG_WARN_RANGE_LOOP_ANALYSIS = YES;
				CLANG_WARN_STRICT_PROTOTYPES = YES;
				CLANG_WARN_SUSPICIOUS_MOVE = YES;
				CLANG_WARN_UNGUARDED_AVAILABILITY = YES_AGGRESSIVE;
				CLANG_WARN_UNREACHABLE_CODE = YES;
				CLANG_WARN__DUPLICATE_METHOD_MATCH = YES;
				COPY_PHASE_STRIP = NO;
				DEBUG_INFORMATION_FORMAT = "dwarf-with-dsym";
				ENABLE_NS_ASSERTIONS = NO;
				ENABLE_STRICT_OBJC_MSGSEND = YES;
				GCC_C_LANGUAGE_STANDARD = gnu11;
				GCC_NO_COMMON_BLOCKS = YES;
				GCC_WARN_64_TO_32_BIT_CONVERSION = YES;
				GCC_WARN_ABOUT_RETURN_TYPE = YES_ERROR;
				GCC_WARN_UNDECLARED_SELECTOR = YES;
				GCC_WARN_UNINITIALIZED_AUTOS = YES_AGGRESSIVE;
				GCC_WARN_UNUSED_FUNCTION = YES;
				GCC_WARN_UNUSED_VARIABLE = YES;
				IPHONEOS_DEPLOYMENT_TARGET = 17.0;
				MTL_ENABLE_DEBUG_INFO = NO;
				MTL_FAST_MATH = YES;
				PRODUCT_NAME = "$(TARGET_NAME)";
				SDKROOT = iphoneos;
				SWIFT_COMPILATION_MODE = wholemodule;
				SWIFT_OPTIMIZATION_LEVEL = "-O";
				SWIFT_VERSION = 5.0;
			};
			name = Release;
		};
/* End XCBuildConfiguration section */

/* Begin XCConfigurationList section */
		06FCBAE77221A0BFC726D754 /* Build configuration list for PBXProject "SmartGlass" */ = {
			isa = XCConfigurationList;
			buildConfigurations = (
				982034C83F83E3FD3E683C3D /* Debug */,
				DEA4449A7C53FF24FD6A2DC9 /* Release */,
			);
			defaultConfigurationIsVisible = 0;
			defaultConfigurationName = Debug;
		};
		B9097A782AD94ED97C33D930 /* Build configuration list for PBXNativeTarget "SmartGlass" */ = {
			isa = XCConfigurationList;
			buildConfigurations = (
				18C3471C3FB5F3E72FB2CACA /* Debug */,
				171060AF5021642E149378A2 /* Release */,
			);
			defaultConfigurationIsVisible = 0;
			defaultConfigurationName = Debug;
		};
/* End XCConfigurationList section */
	};
	rootObject = 5C4A803AC39E61EF7C68BC0D /* Project object */;
}
